// !$*UTF8*$!
{
	archiveVersion = 1;
	classes = {
	};
	objectVersion = 46;
	objects = {

/* Begin PBXBuildFile section */
		27182DCB1E0C3EBA0017A42B /* AppDelegate.swift in Sources */ = {isa = PBXBuildFile; fileRef = 27182DCA1E0C3EBA0017A42B /* AppDelegate.swift */; };
		27182DCD1E0C3EBA0017A42B /* ViewController.swift in Sources */ = {isa = PBXBuildFile; fileRef = 27182DCC1E0C3EBA0017A42B /* ViewController.swift */; };
		27182DD01E0C3EBA0017A42B /* Main.storyboard in Resources */ = {isa = PBXBuildFile; fileRef = 27182DCE1E0C3EBA0017A42B /* Main.storyboard */; };
		27182DD21E0C3EBA0017A42B /* Assets.xcassets in Resources */ = {isa = PBXBuildFile; fileRef = 27182DD11E0C3EBA0017A42B /* Assets.xcassets */; };
		27182DD51E0C3EBA0017A42B /* LaunchScreen.storyboard in Resources */ = {isa = PBXBuildFile; fileRef = 27182DD31E0C3EBA0017A42B /* LaunchScreen.storyboard */; };
		27182DE01E0C3EBA0017A42B /* tipcalcTests.swift in Sources */ = {isa = PBXBuildFile; fileRef = 27182DDF1E0C3EBA0017A42B /* tipcalcTests.swift */; };
		27182DEB1E0C3EBA0017A42B /* tipcalcUITests.swift in Sources */ = {isa = PBXBuildFile; fileRef = 27182DEA1E0C3EBA0017A42B /* tipcalcUITests.swift */; };
		278106991E0C9C8800E71854 /* SettingsViewController.swift in Sources */ = {isa = PBXBuildFile; fileRef = 278106981E0C9C8800E71854 /* SettingsViewController.swift */; };
/* End PBXBuildFile section */

/* Begin PBXContainerItemProxy section */
		27182DDC1E0C3EBA0017A42B /* PBXContainerItemProxy */ = {
			isa = PBXContainerItemProxy;
			containerPortal = 27182DBF1E0C3EB90017A42B /* Project object */;
			proxyType = 1;
			remoteGlobalIDString = 27182DC61E0C3EB90017A42B;
			remoteInfo = tipcalc;
		};
		27182DE71E0C3EBA0017A42B /* PBXContainerItemProxy */ = {
			isa = PBXContainerItemProxy;
			containerPortal = 27182DBF1E0C3EB90017A42B /* Project object */;
			proxyType = 1;
			remoteGlobalIDString = 27182DC61E0C3EB90017A42B;
			remoteInfo = tipcalc;
		};
/* End PBXContainerItemProxy section */

/* Begin PBXFileReference section */
		27182DC71E0C3EBA0017A42B /* tipcalc.app */ = {isa = PBXFileReference; explicitFileType = wrapper.application; includeInIndex = 0; path = tipcalc.app; sourceTree = BUILT_PRODUCTS_DIR; };
		27182DCA1E0C3EBA0017A42B /* AppDelegate.swift */ = {isa = PBXFileReference; lastKnownFileType = sourcecode.swift; path = AppDelegate.swift; sourceTree = "<group>"; };
		27182DCC1E0C3EBA0017A42B /* ViewController.swift */ = {isa = PBXFileReference; lastKnownFileType = sourcecode.swift; path = ViewController.swift; sourceTree = "<group>"; };
		27182DCF1E0C3EBA0017A42B /* Base */ = {isa = PBXFileReference; lastKnownFileType = file.storyboard; name = Base; path = Base.lproj/Main.storyboard; sourceTree = "<group>"; };
		27182DD11E0C3EBA0017A42B /* Assets.xcassets */ = {isa = PBXFileReference; lastKnownFileType = folder.assetcatalog; path = Assets.xcassets; sourceTree = "<group>"; };
		27182DD41E0C3EBA0017A42B /* Base */ = {isa = PBXFileReference; lastKnownFileType = file.storyboard; name = Base; path = Base.lproj/LaunchScreen.storyboard; sourceTree = "<group>"; };
		27182DD61E0C3EBA0017A42B /* Info.plist */ = {isa = PBXFileReference; lastKnownFileType = text.plist.xml; path = Info.plist; sourceTree = "<group>"; };
		27182DDB1E0C3EBA0017A42B /* tipcalcTests.xctest */ = {isa = PBXFileReference; explicitFileType = wrapper.cfbundle; includeInIndex = 0; path = tipcalcTests.xctest; sourceTree = BUILT_PRODUCTS_DIR; };
		27182DDF1E0C3EBA0017A42B /* tipcalcTests.swift */ = {isa = PBXFileReference; lastKnownFileType = sourcecode.swift; path = tipcalcTests.swift; sourceTree = "<group>"; };
		27182DE11E0C3EBA0017A42B /* Info.plist */ = {isa = PBXFileReference; lastKnownFileType = text.plist.xml; path = Info.plist; sourceTree = "<group>"; };
		27182DE61E0C3EBA0017A42B /* tipcalcUITests.xctest */ = {isa = PBXFileReference; explicitFileType = wrapper.cfbundle; includeInIndex = 0; path = tipcalcUITests.xctest; sourceTree = BUILT_PRODUCTS_DIR; };
		27182DEA1E0C3EBA0017A42B /* tipcalcUITests.swift */ = {isa = PBXFileReference; lastKnownFileType = sourcecode.swift; path = tipcalcUITests.swift; sourceTree = "<group>"; };
		27182DEC1E0C3EBA0017A42B /* Info.plist */ = {isa = PBXFileReference; lastKnownFileType = text.plist.xml; path = Info.plist; sourceTree = "<group>"; };
		278106981E0C9C8800E71854 /* SettingsViewController.swift */ = {isa = PBXFileReference; fileEncoding = 4; lastKnownFileType = sourcecode.swift; name = SettingsViewController.swift; path = ../SettingsViewController.swift; sourceTree = "<group>"; };
/* End PBXFileReference section */

/* Begin PBXFrameworksBuildPhase section */
		27182DC41E0C3EB90017A42B /* Frameworks */ = {
			isa = PBXFrameworksBuildPhase;
			buildActionMask = 2147483647;
			files = (
			);
			runOnlyForDeploymentPostprocessing = 0;
		};
		27182DD81E0C3EBA0017A42B /* Frameworks */ = {
			isa = PBXFrameworksBuildPhase;
			buildActionMask = 2147483647;
			files = (
			);
			runOnlyForDeploymentPostprocessing = 0;
		};
		27182DE31E0C3EBA0017A42B /* Frameworks */ = {
			isa = PBXFrameworksBuildPhase;
			buildActionMask = 2147483647;
			files = (
			);
			runOnlyForDeploymentPostprocessing = 0;
		};
/* End PBXFrameworksBuildPhase section */

/* Begin PBXGroup section */
		27182DBE1E0C3EB90017A42B = {
			isa = PBXGroup;
			children = (
				27182DC91E0C3EBA0017A42B /* tipcalc */,
				27182DDE1E0C3EBA0017A42B /* tipcalcTests */,
				27182DE91E0C3EBA0017A42B /* tipcalcUITests */,
				27182DC81E0C3EBA0017A42B /* Products */,
			);
			sourceTree = "<group>";
		};
		27182DC81E0C3EBA0017A42B /* Products */ = {
			isa = PBXGroup;
			children = (
				27182DC71E0C3EBA0017A42B /* tipcalc.app */,
				27182DDB1E0C3EBA0017A42B /* tipcalcTests.xctest */,
				27182DE61E0C3EBA0017A42B /* tipcalcUITests.xctest */,
			);
			name = Products;
			sourceTree = "<group>";
		};
		27182DC91E0C3EBA0017A42B /* tipcalc */ = {
			isa = PBXGroup;
			children = (
				278106981E0C9C8800E71854 /* SettingsViewController.swift */,
				27182DCA1E0C3EBA0017A42B /* AppDelegate.swift */,
				27182DCC1E0C3EBA0017A42B /* ViewController.swift */,
				27182DCE1E0C3EBA0017A42B /* Main.storyboard */,
				27182DD11E0C3EBA0017A42B /* Assets.xcassets */,
				27182DD31E0C3EBA0017A42B /* LaunchScreen.storyboard */,
				27182DD61E0C3EBA0017A42B /* Info.plist */,
			);
			path = tipcalc;
			sourceTree = "<group>";
		};
		27182DDE1E0C3EBA0017A42B /* tipcalcTests */ = {
			isa = PBXGroup;
			children = (
				27182DDF1E0C3EBA0017A42B /* tipcalcTests.swift */,
				27182DE11E0C3EBA0017A42B /* Info.plist */,
			);
			path = tipcalcTests;
			sourceTree = "<group>";
		};
		27182DE91E0C3EBA0017A42B /* tipcalcUITests */ = {
			isa = PBXGroup;
			children = (
				27182DEA1E0C3EBA0017A42B /* tipcalcUITests.swift */,
				27182DEC1E0C3EBA0017A42B /* Info.plist */,
			);
			path = tipcalcUITests;
			sourceTree = "<group>";
		};
/* End PBXGroup section */

/* Begin PBXNativeTarget section */
		27182DC61E0C3EB90017A42B /* tipcalc */ = {
			isa = PBXNativeTarget;
			buildConfigurationList = 27182DEF1E0C3EBA0017A42B /* Build configuration list for PBXNativeTarget "tipcalc" */;
			buildPhases = (
				27182DC31E0C3EB90017A42B /* Sources */,
				27182DC41E0C3EB90017A42B /* Frameworks */,
				27182DC51E0C3EB90017A42B /* Resources */,
			);
			buildRules = (
			);
			dependencies = (
			);
			name = tipcalc;
			productName = tipcalc;
			productReference = 27182DC71E0C3EBA0017A42B /* tipcalc.app */;
			productType = "com.apple.product-type.application";
		};
		27182DDA1E0C3EBA0017A42B /* tipcalcTests */ = {
			isa = PBXNativeTarget;
			buildConfigurationList = 27182DF21E0C3EBA0017A42B /* Build configuration list for PBXNativeTarget "tipcalcTests" */;
			buildPhases = (
				27182DD71E0C3EBA0017A42B /* Sources */,
				27182DD81E0C3EBA0017A42B /* Frameworks */,
				27182DD91E0C3EBA0017A42B /* Resources */,
			);
			buildRules = (
			);
			dependencies = (
				27182DDD1E0C3EBA0017A42B /* PBXTargetDependency */,
			);
			name = tipcalcTests;
			productName = tipcalcTests;
			productReference = 27182DDB1E0C3EBA0017A42B /* tipcalcTests.xctest */;
			productType = "com.apple.product-type.bundle.unit-test";
		};
		27182DE51E0C3EBA0017A42B /* tipcalcUITests */ = {
			isa = PBXNativeTarget;
			buildConfigurationList = 27182DF51E0C3EBA0017A42B /* Build configuration list for PBXNativeTarget "tipcalcUITests" */;
			buildPhases = (
				27182DE21E0C3EBA0017A42B /* Sources */,
				27182DE31E0C3EBA0017A42B /* Frameworks */,
				27182DE41E0C3EBA0017A42B /* Resources */,
			);
			buildRules = (
			);
			dependencies = (
				27182DE81E0C3EBA0017A42B /* PBXTargetDependency */,
			);
			name = tipcalcUITests;
			productName = tipcalcUITests;
			productReference = 27182DE61E0C3EBA0017A42B /* tipcalcUITests.xctest */;
			productType = "com.apple.product-type.bundle.ui-testing";
		};
/* End PBXNativeTarget section */

/* Begin PBXProject section */
		27182DBF1E0C3EB90017A42B /* Project object */ = {
			isa = PBXProject;
			attributes = {
				LastSwiftUpdateCheck = 0820;
				LastUpgradeCheck = 0820;
				ORGANIZATIONNAME = "Pradeep Vairamani";
				TargetAttributes = {
					27182DC61E0C3EB90017A42B = {
						CreatedOnToolsVersion = 8.2.1;
						ProvisioningStyle = Automatic;
					};
					27182DDA1E0C3EBA0017A42B = {
						CreatedOnToolsVersion = 8.2.1;
						ProvisioningStyle = Automatic;
						TestTargetID = 27182DC61E0C3EB90017A42B;
					};
					27182DE51E0C3EBA0017A42B = {
						CreatedOnToolsVersion = 8.2.1;
						ProvisioningStyle = Automatic;
						TestTargetID = 27182DC61E0C3EB90017A42B;
					};
				};
			};
			buildConfigurationList = 27182DC21E0C3EB90017A42B /* Build configuration list for PBXProject "tipcalc" */;
			compatibilityVersion = "Xcode 3.2";
			developmentRegion = English;
			hasScannedForEncodings = 0;
			knownRegions = (
				en,
				Base,
			);
			mainGroup = 27182DBE1E0C3EB90017A42B;
			productRefGroup = 27182DC81E0C3EBA0017A42B /* Products */;
			projectDirPath = "";
			projectRoot = "";
			targets = (
				27182DC61E0C3EB90017A42B /* tipcalc */,
				27182DDA1E0C3EBA0017A42B /* tipcalcTests */,
				27182DE51E0C3EBA0017A42B /* tipcalcUITests */,
			);
		};
/* End PBXProject section */

/* Begin PBXResourcesBuildPhase section */
		27182DC51E0C3EB90017A42B /* Resources */ = {
			isa = PBXResourcesBuildPhase;
			buildActionMask = 2147483647;
			files = (
				27182DD51E0C3EBA0017A42B /* LaunchScreen.storyboard in Resources */,
				27182DD21E0C3EBA0017A42B /* Assets.xcassets in Resources */,
				27182DD01E0C3EBA0017A42B /* Main.storyboard in Resources */,
			);
			runOnlyForDeploymentPostprocessing = 0;
		};
		27182DD91E0C3EBA0017A42B /* Resources */ = {
			isa = PBXResourcesBuildPhase;
			buildActionMask = 2147483647;
			files = (
			);
			runOnlyForDeploymentPostprocessing = 0;
		};
		27182DE41E0C3EBA0017A42B /* Resources */ = {
			isa = PBXResourcesBuildPhase;
			buildActionMask = 2147483647;
			files = (
			);
			runOnlyForDeploymentPostprocessing = 0;
		};
/* End PBXResourcesBuildPhase section */

/* Begin PBXSourcesBuildPhase section */
		27182DC31E0C3EB90017A42B /* Sources */ = {
			isa = PBXSourcesBuildPhase;
			buildActionMask = 2147483647;
			files = (
				27182DCD1E0C3EBA0017A42B /* ViewController.swift in Sources */,
				27182DCB1E0C3EBA0017A42B /* AppDelegate.swift in Sources */,
				278106991E0C9C8800E71854 /* SettingsViewController.swift in Sources */,
			);
			runOnlyForDeploymentPostprocessing = 0;
		};
		27182DD71E0C3EBA0017A42B /* Sources */ = {
			isa = PBXSourcesBuildPhase;
			buildActionMask = 2147483647;
			files = (
				27182DE01E0C3EBA0017A42B /* tipcalcTests.swift in Sources */,
			);
			runOnlyForDeploymentPostprocessing = 0;
		};
		27182DE21E0C3EBA0017A42B /* Sources */ = {
			isa = PBXSourcesBuildPhase;
			buildActionMask = 2147483647;
			files = (
				27182DEB1E0C3EBA0017A42B /* tipcalcUITests.swift in Sources */,
			);
			runOnlyForDeploymentPostprocessing = 0;
		};
/* End PBXSourcesBuildPhase section */

/* Begin PBXTargetDependency section */
		27182DDD1E0C3EBA0017A42B /* PBXTargetDependency */ = {
			isa = PBXTargetDependency;
			target = 27182DC61E0C3EB90017A42B /* tipcalc */;
			targetProxy = 27182DDC1E0C3EBA0017A42B /* PBXContainerItemProxy */;
		};
		27182DE81E0C3EBA0017A42B /* PBXTargetDependency */ = {
			isa = PBXTargetDependency;
			target = 27182DC61E0C3EB90017A42B /* tipcalc */;
			targetProxy = 27182DE71E0C3EBA0017A42B /* PBXContainerItemProxy */;
		};
/* End PBXTargetDependency section */

/* Begin PBXVariantGroup section */
		27182DCE1E0C3EBA0017A42B /* Main.storyboard */ = {
			isa = PBXVariantGroup;
			children = (
				27182DCF1E0C3EBA0017A42B /* Base */,
			);
			name = Main.storyboard;
			sourceTree = "<group>";
		};
		27182DD31E0C3EBA0017A42B /* LaunchScreen.storyboard */ = {
			isa = PBXVariantGroup;
			children = (
				27182DD41E0C3EBA0017A42B /* Base */,
			);
			name = LaunchScreen.storyboard;
			sourceTree = "<group>";
		};
/* End PBXVariantGroup section */

/* Begin XCBuildConfiguration section */
		27182DED1E0C3EBA0017A42B /* Debug */ = {
			isa = XCBuildConfiguration;
			buildSettings = {
				ALWAYS_SEARCH_USER_PATHS = NO;
				CLANG_ANALYZER_NONNULL = YES;
				CLANG_CXX_LANGUAGE_STANDARD = "gnu++0x";
				CLANG_CXX_LIBRARY = "libc++";
				CLANG_ENABLE_MODULES = YES;
				CLANG_ENABLE_OBJC_ARC = YES;
				CLANG_WARN_BOOL_CONVERSION = YES;
				CLANG_WARN_CONSTANT_CONVERSION = YES;
				CLANG_WARN_DIRECT_OBJC_ISA_USAGE = YES_ERROR;
				CLANG_WARN_DOCUMENTATION_COMMENTS = YES;
				CLANG_WARN_EMPTY_BODY = YES;
				CLANG_WARN_ENUM_CONVERSION = YES;
				CLANG_WARN_INFINITE_RECURSION = YES;
				CLANG_WARN_INT_CONVERSION = YES;
				CLANG_WARN_OBJC_ROOT_CLASS = YES_ERROR;
				CLANG_WARN_SUSPICIOUS_MOVE = YES;
				CLANG_WARN_UNREACHABLE_CODE = YES;
				CLANG_WARN__DUPLICATE_METHOD_MATCH = YES;
				"CODE_SIGN_IDENTITY[sdk=iphoneos*]" = "iPhone Developer";
				COPY_PHASE_STRIP = NO;
				DEBUG_INFORMATION_FORMAT = dwarf;
				ENABLE_STRICT_OBJC_MSGSEND = YES;
				ENABLE_TESTABILITY = YES;
				GCC_C_LANGUAGE_STANDARD = gnu99;
				GCC_DYNAMIC_NO_PIC = NO;
				GCC_NO_COMMON_BLOCKS = YES;
				GCC_OPTIMIZATION_LEVEL = 0;
				GCC_PREPROCESSOR_DEFINITIONS = (
					"DEBUG=1",
					"$(inherited)",
				);
				GCC_WARN_64_TO_32_BIT_CONVERSION = YES;
				GCC_WARN_ABOUT_RETURN_TYPE = YES_ERROR;
				GCC_WARN_UNDECLARED_SELECTOR = YES;
				GCC_WARN_UNINITIALIZED_AUTOS = YES_AGGRESSIVE;
				GCC_WARN_UNUSED_FUNCTION = YES;
				GCC_WARN_UNUSED_VARIABLE = YES;
				IPHONEOS_DEPLOYMENT_TARGET = 10.2;
				MTL_ENABLE_DEBUG_INFO = YES;
				ONLY_ACTIVE_ARCH = YES;
				SDKROOT = iphoneos;
				SWIFT_ACTIVE_COMPILATION_CONDITIONS = DEBUG;
				SWIFT_OPTIMIZATION_LEVEL = "-Onone";
				TARGETED_DEVICE_FAMILY = "1,2";
			};
			name = Debug;
		};
		27182DEE1E0C3EBA0017A42B /* Release */ = {
			isa = XCBuildConfiguration;
			buildSettings = {
				ALWAYS_SEARCH_USER_PATHS = NO;
				CLANG_ANALYZER_NONNULL = YES;
				CLANG_CXX_LANGUAGE_STANDARD = "gnu++0x";
				CLANG_CXX_LIBRARY = "libc++";
				CLANG_ENABLE_MODULES = YES;
				CLANG_ENABLE_OBJC_ARC = YES;
				CLANG_WARN_BOOL_CONVERSION = YES;
				CLANG_WARN_CONSTANT_CONVERSION = YES;
				CLANG_WARN_DIRECT_OBJC_ISA_USAGE = YES_ERROR;
				CLANG_WARN_DOCUMENTATION_COMMENTS = YES;
				CLANG_WARN_EMPTY_BODY = YES;
				CLANG_WARN_ENUM_CONVERSION = YES;
				CLANG_WARN_INFINITE_RECURSION = YES;
				CLANG_WARN_INT_CONVERSION = YES;
				CLANG_WARN_OBJC_ROOT_CLASS = YES_ERROR;
				CLANG_WARN_SUSPICIOUS_MOVE = YES;
				CLANG_WARN_UNREACHABLE_CODE = YES;
				CLANG_WARN__DUPLICATE_METHOD_MATCH = YES;
				"CODE_SIGN_IDENTITY[sdk=iphoneos*]" = "iPhone Developer";
				COPY_PHASE_STRIP = NO;
				DEBUG_INFORMATION_FORMAT = "dwarf-with-dsym";
				ENABLE_NS_ASSERTIONS = NO;
				ENABLE_STRICT_OBJC_MSGSEND = YES;
				GCC_C_LANGUAGE_STANDARD = gnu99;
				GCC_NO_COMMON_BLOCKS = YES;
				GCC_WARN_64_TO_32_BIT_CONVERSION = YES;
				GCC_WARN_ABOUT_RETURN_TYPE = YES_ERROR;
				GCC_WARN_UNDECLARED_SELECTOR = YES;
				GCC_WARN_UNINITIALIZED_AUTOS = YES_AGGRESSIVE;
				GCC_WARN_UNUSED_FUNCTION = YES;
				GCC_WARN_UNUSED_VARIABLE = YES;
				IPHONEOS_DEPLOYMENT_TARGET = 10.2;
				MTL_ENABLE_DEBUG_INFO = NO;
				SDKROOT = iphoneos;
				SWIFT_OPTIMIZATION_LEVEL = "-Owholemodule";
				TARGETED_DEVICE_FAMILY = "1,2";
				VALIDATE_PRODUCT = YES;
			};
			name = Release;
		};
		27182DF01E0C3EBA0017A42B /* Debug */ = {
			isa = XCBuildConfiguration;
			buildSettings = {
				ASSETCATALOG_COMPILER_APPICON_NAME = AppIcon;
				INFOPLIST_FILE = tipcalc/Info.plist;
				LD_RUNPATH_SEARCH_PATHS = "$(inherited) @executable_path/Frameworks";
				PRODUCT_BUNDLE_IDENTIFIER = codepath.tipcalc;
				PRODUCT_NAME = "$(TARGET_NAME)";
				SWIFT_VERSION = 3.0;
			};
			name = Debug;
		};
		27182DF11E0C3EBA0017A42B /* Release */ = {
			isa = XCBuildConfiguration;
			buildSettings = {
				ASSETCATALOG_COMPILER_APPICON_NAME = AppIcon;
				INFOPLIST_FILE = tipcalc/Info.plist;
				LD_RUNPATH_SEARCH_PATHS = "$(inherited) @executable_path/Frameworks";
				PRODUCT_BUNDLE_IDENTIFIER = codepath.tipcalc;
				PRODUCT_NAME = "$(TARGET_NAME)";
				SWIFT_VERSION = 3.0;
			};
			name = Release;
		};
		27182DF31E0C3EBA0017A42B /* Debug */ = {
			isa = XCBuildConfiguration;
			buildSettings = {
				ALWAYS_EMBED_SWIFT_STANDARD_LIBRARIES = YES;
				BUNDLE_LOADER = "$(TEST_HOST)";
				INFOPLIST_FILE = tipcalcTests/Info.plist;
				LD_RUNPATH_SEARCH_PATHS = "$(inherited) @executable_path/Frameworks @loader_path/Frameworks";
				PRODUCT_BUNDLE_IDENTIFIER = codepath.tipcalcTests;
				PRODUCT_NAME = "$(TARGET_NAME)";
				SWIFT_VERSION = 3.0;
				TEST_HOST = "$(BUILT_PRODUCTS_DIR)/tipcalc.app/tipcalc";
			};
			name = Debug;
		};
		27182DF41E0C3EBA0017A42B /* Release */ = {
			isa = XCBuildConfiguration;
			buildSettings = {
				ALWAYS_EMBED_SWIFT_STANDARD_LIBRARIES = YES;
				BUNDLE_LOADER = "$(TEST_HOST)";
				INFOPLIST_FILE = tipcalcTests/Info.plist;
				LD_RUNPATH_SEARCH_PATHS = "$(inherited) @executable_path/Frameworks @loader_path/Frameworks";
				PRODUCT_BUNDLE_IDENTIFIER = codepath.tipcalcTests;
				PRODUCT_NAME = "$(TARGET_NAME)";
				SWIFT_VERSION = 3.0;
				TEST_HOST = "$(BUILT_PRODUCTS_DIR)/tipcalc.app/tipcalc";
			};
			name = Release;
		};
		27182DF61E0C3EBA0017A42B /* Debug */ = {
			isa = XCBuildConfiguration;
			buildSettings = {
				ALWAYS_EMBED_SWIFT_STANDARD_LIBRARIES = YES;
				INFOPLIST_FILE = tipcalcUITests/Info.plist;
				LD_RUNPATH_SEARCH_PATHS = "$(inherited) @executable_path/Frameworks @loader_path/Frameworks";
				PRODUCT_BUNDLE_IDENTIFIER = codepath.tipcalcUITests;
				PRODUCT_NAME = "$(TARGET_NAME)";
				SWIFT_VERSION = 3.0;
				TEST_TARGET_NAME = tipcalc;
			};
			name = Debug;
		};
		27182DF71E0C3EBA0017A42B /* Release */ = {
			isa = XCBuildConfiguration;
			buildSettings = {
				ALWAYS_EMBED_SWIFT_STANDARD_LIBRARIES = YES;
				INFOPLIST_FILE = tipcalcUITests/Info.plist;
				LD_RUNPATH_SEARCH_PATHS = "$(inherited) @executable_path/Frameworks @loader_path/Frameworks";
				PRODUCT_BUNDLE_IDENTIFIER = codepath.tipcalcUITests;
				PRODUCT_NAME = "$(TARGET_NAME)";
				SWIFT_VERSION = 3.0;
				TEST_TARGET_NAME = tipcalc;
			};
			name = Release;
		};
/* End XCBuildConfiguration section */

/* Begin XCConfigurationList section */
		27182DC21E0C3EB90017A42B /* Build configuration list for PBXProject "tipcalc" */ = {
			isa = XCConfigurationList;
			buildConfigurations = (
				27182DED1E0C3EBA0017A42B /* Debug */,
				27182DEE1E0C3EBA0017A42B /* Release */,
			);
			defaultConfigurationIsVisible = 0;
			defaultConfigurationName = Release;
		};
		27182DEF1E0C3EBA0017A42B /* Build configuration list for PBXNativeTarget "tipcalc" */ = {
			isa = XCConfigurationList;
			buildConfigurations = (
				27182DF01E0C3EBA0017A42B /* Debug */,
				27182DF11E0C3EBA0017A42B /* Release */,
			);
			defaultConfigurationIsVisible = 0;
			defaultConfigurationName = Release;
		};
		27182DF21E0C3EBA0017A42B /* Build configuration list for PBXNativeTarget "tipcalcTests" */ = {
			isa = XCConfigurationList;
			buildConfigurations = (
				27182DF31E0C3EBA0017A42B /* Debug */,
				27182DF41E0C3EBA0017A42B /* Release */,
			);
			defaultConfigurationIsVisible = 0;
			defaultConfigurationName = Release;
		};
		27182DF51E0C3EBA0017A42B /* Build configuration list for PBXNativeTarget "tipcalcUITests" */ = {
			isa = XCConfigurationList;
			buildConfigurations = (
				27182DF61E0C3EBA0017A42B /* Debug */,
				27182DF71E0C3EBA0017A42B /* Release */,
			);
			defaultConfigurationIsVisible = 0;
			defaultConfigurationName = Release;
		};
/* End XCConfigurationList section */
	};
	rootObject = 27182DBF1E0C3EB90017A42B /* Project object */;
}
